version = 1
revision = 5
requires-python = ">=3.12"

[[package]]
name = "vapoursynth"
version = "81"
source = { registry = "https://pypi.org/simple" }
sdist = { url = "https://files.pythonhosted.org/packages/69/6a/f9441173c91a3355a32b870522726ed2252cd3c7b04b45e499f30b1a2c98/vapoursynth-81.tar.gz", hash = "sha256:3bf6c90ad737e8ffc5605b05a1ff29cd884f8632fbe0eb49a2705942073a96be", size = 1134389, upload-time = "2026-10-04T21:23:02.352Z" }
wheels = [
    { url = "https://files.pythonhosted.org/packages/63/61/2183a243f51f43d03019203f5040d050b6732a2b8293bb692de3c7f9943e/vapoursynth-81-cp312-abi3-macosx_13_0_arm64.whl", hash = "sha256:4cfaea20f819a7772829bf83d34ce2db3b9e6aeed5825ea4b42791a22bc724f2", size = 2447551, upload-time = "2026-10-04T21:22:31.232Z" },
    { url = "https://files.pythonhosted.org/packages/e2/44/d0530fd9013b4742fc4c9c16ea19a045bb336ce82080bedc47e4d4652dc5/vapoursynth-81-cp312-abi3-macosx_13_0_x86_64.whl", hash = "sha256:a7badb8aec89d674349d07e69c75688908b4b9bee7ad8988c0f0ad2dc0108e13", size = 5919267, upload-time = "2026-10-04T21:22:33.529Z" },
    { url = "https://files.pythonhosted.org/packages/0b/f5/53037a98fd5fe89c87533af8d7af0dc0bd07c812bb21bc59422d69a86c82/vapoursynth-81-cp312-abi3-manylinux_2_27_aarch64.manylinux_2_28_aarch64.whl", hash = "sha256:ed4c9e7fd99a58ce91042a8428745fe4a20696309f52f1bd8202f86141567cd3", size = 3185898, upload-time = "2026-10-04T21:22:35.447Z" },
    { url = "https://files.pythonhosted.org/packages/97/47/0d0cf0d1028e7cb7a15ea888161e2c7ceaaccaf8c24c3d276f0f7fa8e946/vapoursynth-81-cp312-abi3-manylinux_2_27_x86_64.manylinux_2_28_x86_64.whl", hash = "sha256:2e3429524728889328897945564235440910a032ebbc879620ba3ff900758b52", size = 6377274, upload-time = "2026-10-04T21:22:37.399Z" },
    { url = "https://files.pythonhosted.org/packages/3f/87/84889765d448eeaca1357ad15a7d7ad28bce8b623eae683bfa60753179ea/vapoursynth-81-cp312-abi3-musllinux_1_2_aarch64.whl", hash = "sha256:5bbe75256fdf4d9debfefc937f8471a9e7f3146b18194d88e7870546a5105741", size = 4001183, upload-time = "2026-10-04T21:22:39.471Z" },
    { url = "https://files.pythonhosted.org/packages/54/9d/fc7fe70aaebd14f78dcf63396023aaeac29adda9896be42e607c7179d290/vapoursynth-81-cp312-abi3-musllinux_1_2_x86_64.whl", hash = "sha256:8fdbabfa57f6674c856b33f5d8997413116424199827547f598d0503bf39ccb4", size = 7221859, upload-time = "2026-10-04T21:22:41.421Z" },
    { url = "https://files.pythonhosted.org/packages/6c/c1/d1448dd3a34ac2d3f439496167b3ffe14d6c0b7f9647d468c2292a06e4c2/vapoursynth-81-cp312-abi3-win_amd64.whl", hash = "sha256:8de011b9d372ca1593ccbe6ea164c5d093ef44905a69597fa3d8099d38ce381c", size = 23726629, upload-time = "2026-10-04T21:22:44.062Z" },
    { url = "https://files.pythonhosted.org/packages/00/de/d82417ca0f1bb1e0a25a69720cde603bcdf14215adb5b4317291f80eedec/vapoursynth-81-cp315-cp315t-macosx_13_0_arm64.whl", hash = "sha256:f5be3243a9c46025f8b798cd869185fd2480dd1efa28db3f6ba247f75dc191e6", size = 2550042, upload-time = "2026-10-04T21:22:46.42Z" },
    { url = "https://files.pythonhosted.org/packages/0b/c5/4b0d876c2fc25fe81dc7096158932fa645205e7e7ca9830536b62a2a78e8/vapoursynth-81-cp315-cp315t-macosx_13_0_x86_64.whl", hash = "sha256:313f39397f9afbd602b22b9dc7bc0cd22b7d000bd18a7af8e050975e7bc85644", size = 6030846, upload-time = "2026-10-04T21:22:49.902Z" },
    { url = "https://files.pythonhosted.org/packages/c1/e6/33228226b96886b3af7a672010d90e178eb7ff3723d21dc91ddea45e6717/vapoursynth-81-cp315-cp315t-manylinux_2_27_aarch64.manylinux_2_28_aarch64.whl", hash = "sha256:c4a130b89a9ad3a98b8a59e53462aa9588532ec114489dc9257bcdaeabbb6f9a", size = 3255081, upload-time = "2026-10-04T21:22:51.695Z" },
    { url = "https://files.pythonhosted.org/packages/60/78/f30ea1c83d66d25379b1df184a0791fe0e93beea3e4fd1b65e7db4abe448/vapoursynth-81-cp315-cp315t-manylinux_2_27_x86_64.manylinux_2_28_x86_64.whl", hash = "sha256:448447f50b36019974d68b2143627e6f7f200c384230104f216da6e8c30cda71", size = 6436073, upload-time = "2026-10-04T21:22:53.529Z" },
    { url = "https://files.pythonhosted.org/packages/03/83/2a2ff5fae758d9ba83700314749e96c1baae569e533f491f3e2d0dc92c4d/vapoursynth-81-cp315-cp315t-musllinux_1_2_aarch64.whl", hash = "sha256:efb89ef05848aba6895ed46b8fa694256e3f0d0f4761b6a11b17399012aac11e", size = 4071161, upload-time = "2026-10-04T21:22:55.291Z" },
    { url = "https://files.pythonhosted.org/packages/fb/01/f85bd7f56e994652836d9e77081a32ab15ab5a162825668a83e88d10ec75/vapoursynth-81-cp315-cp315t-musllinux_1_2_x86_64.whl", hash = "sha256:97c643eabb15ae0802c53286cc19e2146601c86990e49ec44efeeff6464d7062", size = 7280969, upload-time = "2026-10-04T21:22:57.036Z" },
    { url = "https://files.pythonhosted.org/packages/df/1a/4312814a0460b564157427134b4b3b51e41af393124b955c82948e777d83/vapoursynth-81-cp315-cp315t-win_amd64.whl", hash = "sha256:1d1b5e9b0ae2238b0feee4b6e3b2c38121c41cc6a890b954305953b881211aa9", size = 25376073, upload-time = "2026-10-04T21:22:59.62Z" },
]

[[package]]
name = "vapoursynth-fftspectrum-rs"
version = "1.0.13"
source = { editable = "." }
dependencies = [
    { name = "vapoursynth" },
]

[package.metadata]
requires-dist = [{ name = "vapoursynth", specifier = ">=76" }]
