version = 1
revision = 3
requires-python = ">=3.12"

[[package]]
name = "vapoursynth"
version = "78"
source = { registry = "https://pypi.org/simple" }
sdist = { url = "https://files.pythonhosted.org/packages/f3/50/2cd10e6f06689050374d95a37ffe3cfdcebcbb0c5900bdfc9a6f1e5d5f75/vapoursynth-78.tar.gz", hash = "sha256:dd70e0a81ee91ba52385c067d434f43cfdfc838bb9e6988cf34d832b35698996", size = 636847, upload-time = "2026-07-24T20:24:33.306Z" }
wheels = [
    { url = "https://files.pythonhosted.org/packages/82/c5/e3649e9d83584bcc27edc6a334b13d5d666e3adf3d61559e28c6e314758e/vapoursynth-78-cp312-abi3-macosx_13_0_arm64.whl", hash = "sha256:20fb6fc8ed5ee91b263b010fe859d2cac852d1f7350a1ab534a5a3e59878b88e", size = 1344725, upload-time = "2026-07-24T20:24:21.688Z" },
    { url = "https://files.pythonhosted.org/packages/3f/0a/7f7ac4abde6ee95a06eb114e78e51660188fe01dae84b913c35651771786/vapoursynth-78-cp312-abi3-macosx_13_0_x86_64.whl", hash = "sha256:799c50260d866bb98b5bc455f8c36ed53a4e3057753ad2fbc6ab84d3b0d15e59", size = 4448409, upload-time = "2026-07-24T20:24:23.397Z" },
    { url = "https://files.pythonhosted.org/packages/6c/04/9ad17a3d78972235c125fd1577699379b6c235c069a207cce5fb5411bf8e/vapoursynth-78-cp312-abi3-manylinux_2_27_aarch64.manylinux_2_28_aarch64.whl", hash = "sha256:5368661393622fe9fa267409a5fbf7143d561b55dafdf6a500ef0fe38b285386", size = 1780128, upload-time = "2026-07-24T20:24:25.318Z" },
    { url = "https://files.pythonhosted.org/packages/32/f8/55566fa874510d4daf37829b647b79a259f8cd72df568798154f17a7cb8c/vapoursynth-78-cp312-abi3-manylinux_2_27_x86_64.manylinux_2_28_x86_64.whl", hash = "sha256:8e70b98c40ac69477a15f8ae0c551c2a4e182281986b5996853c7a01477ed477", size = 4498809, upload-time = "2026-07-24T20:24:26.766Z" },
    { url = "https://files.pythonhosted.org/packages/f1/71/4906acd1985203a575825afe9547ed5904796cd7f6331cc796b3ff33c9d6/vapoursynth-78-cp312-abi3-musllinux_1_2_aarch64.whl", hash = "sha256:c56eb859fc7352df935f46e4014402bf5e59e10d8f695b8d35e8025d07306b84", size = 2560895, upload-time = "2026-07-24T20:24:28.125Z" },
    { url = "https://files.pythonhosted.org/packages/19/1c/c5c80aecde43fbdbc8136c7786b16b8c8853ac0f261e5c2da46b46bfafad/vapoursynth-78-cp312-abi3-musllinux_1_2_x86_64.whl", hash = "sha256:33592243d7d1b1706497a3d7b564dd0ad041a9943dc029dcd638fc0b55565acc", size = 5325194, upload-time = "2026-07-24T20:24:29.722Z" },
    { url = "https://files.pythonhosted.org/packages/a0/c2/bd739e3fd4dfea3f776cae03cde20d9589f4371989cc74e8b511b3b2ec2a/vapoursynth-78-cp312-abi3-win_amd64.whl", hash = "sha256:56454b3ac82768b037c6962982690375f2a50f6d47fa4b23f728bfd2dcf2efa2", size = 15061045, upload-time = "2026-07-24T20:24:31.17Z" },
]

[[package]]
name = "vapoursynth-fftspectrum-rs"
version = "1.0.13"
source = { editable = "." }
dependencies = [
    { name = "vapoursynth" },
]

[package.metadata]
requires-dist = [{ name = "vapoursynth", specifier = ">=78" }]
