version = 1
revision = 3
requires-python = ">=3.12"

[[package]]
name = "vapoursynth"
version = "77"
source = { registry = "https://pypi.org/simple" }
sdist = { url = "https://files.pythonhosted.org/packages/c0/91/adccc9ff387ae756a95ca85b82915c6b8b3a359a3114d984438d3c182b1e/vapoursynth-77.tar.gz", hash = "sha256:da3f6147e1dbb007154f88e57fe66cc4106303cc71b3a562b1ceaba31b361966", size = 599139, upload-time = "2026-06-16T06:37:07.283Z" }
wheels = [
    { url = "https://files.pythonhosted.org/packages/51/0f/1191a8ce5da5aab2ce5cf83f85bd072cb4416a8f827d13cd1925ab3211e5/vapoursynth-77-cp312-abi3-macosx_13_0_arm64.whl", hash = "sha256:db11dff1cbf24e17ca33255c5361e1191f1f63aecc89dff83bc625a1f2275bcf", size = 902360, upload-time = "2026-06-16T06:36:54.778Z" },
    { url = "https://files.pythonhosted.org/packages/b1/44/95863054ac37569f38ebed3cb0a61d13d59d93ec10c34fd296326a887d37/vapoursynth-77-cp312-abi3-macosx_13_0_x86_64.whl", hash = "sha256:328bff37c1c5418c855a0a84cb83a0b331994758c9a99b3fa157cadcaa1d2f20", size = 1369455, upload-time = "2026-06-16T06:36:56.715Z" },
    { url = "https://files.pythonhosted.org/packages/8a/db/9cd89d3794ea8e4c17eccb5c590d6474b319cc6f0de461e603bd17358635/vapoursynth-77-cp312-abi3-manylinux_2_27_aarch64.manylinux_2_28_aarch64.whl", hash = "sha256:ab977973bf93e007778f383507ad6c2eae6526a90c2c18cdb41c11b33b794148", size = 1625878, upload-time = "2026-06-16T06:36:58.424Z" },
    { url = "https://files.pythonhosted.org/packages/b7/01/c749813f2c6aa3a129403103a81b24d1b738cdf8cd1e7319b1085c348979/vapoursynth-77-cp312-abi3-manylinux_2_27_x86_64.manylinux_2_28_x86_64.whl", hash = "sha256:bcf25f55c3ea873c9c0702b4bf9a3af18b6c0e9fad92903782ab00c94186c4ce", size = 2294629, upload-time = "2026-06-16T06:37:00.012Z" },
    { url = "https://files.pythonhosted.org/packages/02/e3/c5401dfb5afc4cd8b49a1b79ee0c3b055da451f552af19e902678264174a/vapoursynth-77-cp312-abi3-musllinux_1_2_aarch64.whl", hash = "sha256:016bdb80806de57b8e73a1ba278f8563157d664ba02a5769c615ee7c02ccb73b", size = 2166156, upload-time = "2026-06-16T06:37:01.888Z" },
    { url = "https://files.pythonhosted.org/packages/92/46/2c39070b83ae729dc5d02afe6f1f314bbe6165d8a85efaaa8e4dc9e5a37c/vapoursynth-77-cp312-abi3-musllinux_1_2_x86_64.whl", hash = "sha256:7fce3de91f7575ac1f0c1ef2485b546495f0235b10d2065d7592b8cf0ca29dd8", size = 2839782, upload-time = "2026-06-16T06:37:03.511Z" },
    { url = "https://files.pythonhosted.org/packages/65/90/249eebf18d54998bb71929c9130a0d3f8130f47e250fa0d70e0cc406c3aa/vapoursynth-77-cp312-abi3-win_amd64.whl", hash = "sha256:443b0a9c3481ba23331e21dcb3605375f08e7190b943606b4bc9f9f67efeceba", size = 5951710, upload-time = "2026-06-16T06:37:05.381Z" },
]

[[package]]
name = "vapoursynth-fftspectrum-rs"
version = "1.0.13"
source = { editable = "." }
dependencies = [
    { name = "vapoursynth" },
]

[package.metadata]
requires-dist = [{ name = "vapoursynth", specifier = ">=77" }]
